Microsoft Visual Studio Solution File, Format Version 12.00
# Visual Studio 2012
Project("{FAE04EC0-301F-11D3-BF4B-00C04F79EFBC}") = "Platform Punk", "Platform Punk.csproj", "{275C003F-054C-4E2B-92FD-63668F61192F}"
EndProject
Global
	GlobalSection(SolutionConfigurationPlatforms) = preSolution
	Debug|Any CPU = Debug|Any CPU
	ExportDebug|Any CPU = ExportDebug|Any CPU
	ExportRelease|Any CPU = ExportRelease|Any CPU
	EndGlobalSection
	GlobalSection(ProjectConfigurationPlatforms) = postSolution
		{275C003F-054C-4E2B-92FD-63668F61192F}.Debug|Any CPU.ActiveCfg = Debug|Any CPU
		{275C003F-054C-4E2B-92FD-63668F61192F}.Debug|Any CPU.Build.0 = Debug|Any CPU
		{275C003F-054C-4E2B-92FD-63668F61192F}.ExportDebug|Any CPU.ActiveCfg = ExportDebug|Any CPU
		{275C003F-054C-4E2B-92FD-63668F61192F}.ExportDebug|Any CPU.Build.0 = ExportDebug|Any CPU
		{275C003F-054C-4E2B-92FD-63668F61192F}.ExportRelease|Any CPU.ActiveCfg = ExportRelease|Any CPU
		{275C003F-054C-4E2B-92FD-63668F61192F}.ExportRelease|Any CPU.Build.0 = ExportRelease|Any CPU
	EndGlobalSection
EndGlobal
